# This file is automatically @generated by Cargo.
# It is not intended for manual editing.
version = 3

[[package]]
name = "byteorder"
version = "1.4.3"
source = "registry+https://github.com/rust-lang/crates.io-index"
checksum = "14c189c53d098945499cdfa7ecc63567cf3886b3332b312a5b4585d8d3a6a610"

[[package]]
name = "cc"
version = "1.0.71"
source = "registry+https://github.com/rust-lang/crates.io-index"
checksum = "79c2681d6594606957bbb8631c4b90a7fcaaa72cdb714743a437b156d6a7eedd"

[[package]]
name = "secp256k1-sys"
version = "0.4.1"
source = "git+https://github.com/steel97/rust-secp256k1?rev=58a8855d5ae9158bc49142948af57c4b1dd3d008#58a8855d5ae9158bc49142948af57c4b1dd3d008"
dependencies = [
 "cc",
]

[[package]]
name = "secp256k1-wasm"
version = "0.0.0"
dependencies = [
 "byteorder",
 "secp256k1-sys",
]
